
Microsoft Visual Studio Solution File, Format Version 12.00
# Visual Studio Version 16
VisualStudioVersion = 16.0.31005.135
MinimumVisualStudioVersion = 10.0.40219.1
Project("{FAE04EC0-301F-11D3-BF4B-00C04F79EFBC}") = "Task_1", "Task_1\Task_1.csproj", "{7BA4022E-80F3-4A32-9761-E9E2E977D4A2}"
EndProject
Project("{FAE04EC0-301F-11D3-BF4B-00C04F79EFBC}") = "Task_2", "Task_2\Task_2.csproj", "{F90C0094-9B9F-4830-A586-647DE576C49B}"
EndProject
Project("{FAE04EC0-301F-11D3-BF4B-00C04F79EFBC}") = "Task_3", "Task_3\Task_3.csproj", "{361D7C2D-BC87-468A-86E8-8760A5203B4C}"
EndProject
Project("{FAE04EC0-301F-11D3-BF4B-00C04F79EFBC}") = "Task_4", "Task_4\Task_4.csproj", "{BA6966C6-A7E6-4CC7-8881-DDC2A8463693}"
EndProject
Global
	GlobalSection(SolutionConfigurationPlatforms) = preSolution
		Debug|Any CPU = Debug|Any CPU
		Release|Any CPU = Release|Any CPU
	EndGlobalSection
	GlobalSection(ProjectConfigurationPlatforms) = postSolution
		{7BA4022E-80F3-4A32-9761-E9E2E977D4A2}.Debug|Any CPU.ActiveCfg = Debug|Any CPU
		{7BA4022E-80F3-4A32-9761-E9E2E977D4A2}.Debug|Any CPU.Build.0 = Debug|Any CPU
		{7BA4022E-80F3-4A32-9761-E9E2E977D4A2}.Release|Any CPU.ActiveCfg = Release|Any CPU
		{7BA4022E-80F3-4A32-9761-E9E2E977D4A2}.Release|Any CPU.Build.0 = Release|Any CPU
		{F90C0094-9B9F-4830-A586-647DE576C49B}.Debug|Any CPU.ActiveCfg = Debug|Any CPU
		{F90C0094-9B9F-4830-A586-647DE576C49B}.Debug|Any CPU.Build.0 = Debug|Any CPU
		{F90C0094-9B9F-4830-A586-647DE576C49B}.Release|Any CPU.ActiveCfg = Release|Any CPU
		{F90C0094-9B9F-4830-A586-647DE576C49B}.Release|Any CPU.Build.0 = Release|Any CPU
		{361D7C2D-BC87-468A-86E8-8760A5203B4C}.Debug|Any CPU.ActiveCfg = Debug|Any CPU
		{361D7C2D-BC87-468A-86E8-8760A5203B4C}.Debug|Any CPU.Build.0 = Debug|Any CPU
		{361D7C2D-BC87-468A-86E8-8760A5203B4C}.Release|Any CPU.ActiveCfg = Release|Any CPU
		{361D7C2D-BC87-468A-86E8-8760A5203B4C}.Release|Any CPU.Build.0 = Release|Any CPU
		{BA6966C6-A7E6-4CC7-8881-DDC2A8463693}.Debug|Any CPU.ActiveCfg = Debug|Any CPU
		{BA6966C6-A7E6-4CC7-8881-DDC2A8463693}.Debug|Any CPU.Build.0 = Debug|Any CPU
		{BA6966C6-A7E6-4CC7-8881-DDC2A8463693}.Release|Any CPU.ActiveCfg = Release|Any CPU
		{BA6966C6-A7E6-4CC7-8881-DDC2A8463693}.Release|Any CPU.Build.0 = Release|Any CPU
	EndGlobalSection
	GlobalSection(SolutionProperties) = preSolution
		HideSolutionNode = FALSE
	EndGlobalSection
	GlobalSection(ExtensibilityGlobals) = postSolution
		SolutionGuid = {017F6B03-F08A-41BD-934E-C9CFD2D59FDF}
	EndGlobalSection
EndGlobal
