
Microsoft Visual Studio Solution File, Format Version 12.00
# Visual Studio Version 16
VisualStudioVersion = 16.0.31005.135
MinimumVisualStudioVersion = 10.0.40219.1
Project("{FAE04EC0-301F-11D3-BF4B-00C04F79EFBC}") = "Task_1", "Task_1\Task_1.csproj", "{4B1DA978-86EF-4DB4-B984-AEA9FCF2DA3B}"
EndProject
Project("{FAE04EC0-301F-11D3-BF4B-00C04F79EFBC}") = "Task_2", "Task_2\Task_2.csproj", "{AC6DD1E3-954E-4CE5-97C6-DED6A5127EA3}"
EndProject
Global
	GlobalSection(SolutionConfigurationPlatforms) = preSolution
		Debug|Any CPU = Debug|Any CPU
		Release|Any CPU = Release|Any CPU
	EndGlobalSection
	GlobalSection(ProjectConfigurationPlatforms) = postSolution
		{4B1DA978-86EF-4DB4-B984-AEA9FCF2DA3B}.Debug|Any CPU.ActiveCfg = Debug|Any CPU
		{4B1DA978-86EF-4DB4-B984-AEA9FCF2DA3B}.Debug|Any CPU.Build.0 = Debug|Any CPU
		{4B1DA978-86EF-4DB4-B984-AEA9FCF2DA3B}.Release|Any CPU.ActiveCfg = Release|Any CPU
		{4B1DA978-86EF-4DB4-B984-AEA9FCF2DA3B}.Release|Any CPU.Build.0 = Release|Any CPU
		{AC6DD1E3-954E-4CE5-97C6-DED6A5127EA3}.Debug|Any CPU.ActiveCfg = Debug|Any CPU
		{AC6DD1E3-954E-4CE5-97C6-DED6A5127EA3}.Debug|Any CPU.Build.0 = Debug|Any CPU
		{AC6DD1E3-954E-4CE5-97C6-DED6A5127EA3}.Release|Any CPU.ActiveCfg = Release|Any CPU
		{AC6DD1E3-954E-4CE5-97C6-DED6A5127EA3}.Release|Any CPU.Build.0 = Release|Any CPU
	EndGlobalSection
	GlobalSection(SolutionProperties) = preSolution
		HideSolutionNode = FALSE
	EndGlobalSection
	GlobalSection(ExtensibilityGlobals) = postSolution
		SolutionGuid = {A451E60A-1007-4C1A-AE28-3FED50472D52}
	EndGlobalSection
EndGlobal
