
Microsoft Visual Studio Solution File, Format Version 12.00
# Visual Studio Version 16
VisualStudioVersion = 16.0.31005.135
MinimumVisualStudioVersion = 10.0.40219.1
Project("{FAE04EC0-301F-11D3-BF4B-00C04F79EFBC}") = "Task_1", "Task_1\Task_1.csproj", "{75768F51-78CA-4900-91C0-DDAE889895FF}"
EndProject
Project("{FAE04EC0-301F-11D3-BF4B-00C04F79EFBC}") = "Task_2", "Task_2\Task_2.csproj", "{58137B11-66F4-47D8-B7FE-23FA3DED11EC}"
EndProject
Project("{FAE04EC0-301F-11D3-BF4B-00C04F79EFBC}") = "Task_3", "Task_3\Task_3.csproj", "{3522CAFB-B733-4EE9-8F70-04525AD404E3}"
EndProject
Global
	GlobalSection(SolutionConfigurationPlatforms) = preSolution
		Debug|Any CPU = Debug|Any CPU
		Release|Any CPU = Release|Any CPU
	EndGlobalSection
	GlobalSection(ProjectConfigurationPlatforms) = postSolution
		{75768F51-78CA-4900-91C0-DDAE889895FF}.Debug|Any CPU.ActiveCfg = Debug|Any CPU
		{75768F51-78CA-4900-91C0-DDAE889895FF}.Debug|Any CPU.Build.0 = Debug|Any CPU
		{75768F51-78CA-4900-91C0-DDAE889895FF}.Release|Any CPU.ActiveCfg = Release|Any CPU
		{75768F51-78CA-4900-91C0-DDAE889895FF}.Release|Any CPU.Build.0 = Release|Any CPU
		{58137B11-66F4-47D8-B7FE-23FA3DED11EC}.Debug|Any CPU.ActiveCfg = Debug|Any CPU
		{58137B11-66F4-47D8-B7FE-23FA3DED11EC}.Debug|Any CPU.Build.0 = Debug|Any CPU
		{58137B11-66F4-47D8-B7FE-23FA3DED11EC}.Release|Any CPU.ActiveCfg = Release|Any CPU
		{58137B11-66F4-47D8-B7FE-23FA3DED11EC}.Release|Any CPU.Build.0 = Release|Any CPU
		{3522CAFB-B733-4EE9-8F70-04525AD404E3}.Debug|Any CPU.ActiveCfg = Debug|Any CPU
		{3522CAFB-B733-4EE9-8F70-04525AD404E3}.Debug|Any CPU.Build.0 = Debug|Any CPU
		{3522CAFB-B733-4EE9-8F70-04525AD404E3}.Release|Any CPU.ActiveCfg = Release|Any CPU
		{3522CAFB-B733-4EE9-8F70-04525AD404E3}.Release|Any CPU.Build.0 = Release|Any CPU
	EndGlobalSection
	GlobalSection(SolutionProperties) = preSolution
		HideSolutionNode = FALSE
	EndGlobalSection
	GlobalSection(ExtensibilityGlobals) = postSolution
		SolutionGuid = {51FF5D4A-8C86-4074-B67A-9856305A7AC7}
	EndGlobalSection
EndGlobal
