
Microsoft Visual Studio Solution File, Format Version 12.00
# Visual Studio Version 16
VisualStudioVersion = 16.0.31005.135
MinimumVisualStudioVersion = 10.0.40219.1
Project("{FAE04EC0-301F-11D3-BF4B-00C04F79EFBC}") = "Task_1", "Pr_Lesson_8\Task_1.csproj", "{129B7014-CE80-426A-AB91-A098C83501C3}"
EndProject
Project("{FAE04EC0-301F-11D3-BF4B-00C04F79EFBC}") = "Task_2", "Task_2\Task_2.csproj", "{8FA21843-1E36-4245-B2A8-3BC4B89EBDF3}"
EndProject
Project("{FAE04EC0-301F-11D3-BF4B-00C04F79EFBC}") = "Task_3", "Task_3\Task_3.csproj", "{F20BCDAE-1A92-4688-BCDE-CAF0E07E94D4}"
EndProject
Project("{FAE04EC0-301F-11D3-BF4B-00C04F79EFBC}") = "Task_4", "Task_4\Task_4.csproj", "{BD139D54-532C-425C-AFD9-00673E06683C}"
EndProject
Global
	GlobalSection(SolutionConfigurationPlatforms) = preSolution
		Debug|Any CPU = Debug|Any CPU
		Release|Any CPU = Release|Any CPU
	EndGlobalSection
	GlobalSection(ProjectConfigurationPlatforms) = postSolution
		{129B7014-CE80-426A-AB91-A098C83501C3}.Debug|Any CPU.ActiveCfg = Debug|Any CPU
		{129B7014-CE80-426A-AB91-A098C83501C3}.Debug|Any CPU.Build.0 = Debug|Any CPU
		{129B7014-CE80-426A-AB91-A098C83501C3}.Release|Any CPU.ActiveCfg = Release|Any CPU
		{129B7014-CE80-426A-AB91-A098C83501C3}.Release|Any CPU.Build.0 = Release|Any CPU
		{8FA21843-1E36-4245-B2A8-3BC4B89EBDF3}.Debug|Any CPU.ActiveCfg = Debug|Any CPU
		{8FA21843-1E36-4245-B2A8-3BC4B89EBDF3}.Debug|Any CPU.Build.0 = Debug|Any CPU
		{8FA21843-1E36-4245-B2A8-3BC4B89EBDF3}.Release|Any CPU.ActiveCfg = Release|Any CPU
		{8FA21843-1E36-4245-B2A8-3BC4B89EBDF3}.Release|Any CPU.Build.0 = Release|Any CPU
		{F20BCDAE-1A92-4688-BCDE-CAF0E07E94D4}.Debug|Any CPU.ActiveCfg = Debug|Any CPU
		{F20BCDAE-1A92-4688-BCDE-CAF0E07E94D4}.Debug|Any CPU.Build.0 = Debug|Any CPU
		{F20BCDAE-1A92-4688-BCDE-CAF0E07E94D4}.Release|Any CPU.ActiveCfg = Release|Any CPU
		{F20BCDAE-1A92-4688-BCDE-CAF0E07E94D4}.Release|Any CPU.Build.0 = Release|Any CPU
		{BD139D54-532C-425C-AFD9-00673E06683C}.Debug|Any CPU.ActiveCfg = Debug|Any CPU
		{BD139D54-532C-425C-AFD9-00673E06683C}.Debug|Any CPU.Build.0 = Debug|Any CPU
		{BD139D54-532C-425C-AFD9-00673E06683C}.Release|Any CPU.ActiveCfg = Release|Any CPU
		{BD139D54-532C-425C-AFD9-00673E06683C}.Release|Any CPU.Build.0 = Release|Any CPU
	EndGlobalSection
	GlobalSection(SolutionProperties) = preSolution
		HideSolutionNode = FALSE
	EndGlobalSection
	GlobalSection(ExtensibilityGlobals) = postSolution
		SolutionGuid = {6255AF4D-AD46-4A2F-B626-BAE009A36B62}
	EndGlobalSection
EndGlobal
