
Microsoft Visual Studio Solution File, Format Version 12.00
# Visual Studio Version 16
VisualStudioVersion = 16.0.31005.135
MinimumVisualStudioVersion = 10.0.40219.1
Project("{FAE04EC0-301F-11D3-BF4B-00C04F79EFBC}") = "Task_1", "Pr_Lesson_4\Task_1.csproj", "{44AA31E3-FBAC-4815-A0C3-E0182D88EC8F}"
EndProject
Project("{FAE04EC0-301F-11D3-BF4B-00C04F79EFBC}") = "Task_2", "Task_2\Task_2.csproj", "{153342D2-872A-4083-8D68-106BF86FE6C9}"
EndProject
Project("{FAE04EC0-301F-11D3-BF4B-00C04F79EFBC}") = "Task_3", "Task_3\Task_3.csproj", "{A73852B2-2087-43DA-9A94-7AAEA7A59CB2}"
EndProject
Project("{FAE04EC0-301F-11D3-BF4B-00C04F79EFBC}") = "Task_4", "Task_4\Task_4.csproj", "{74C42DF0-9C14-4FE6-8C2C-F369D567CAE1}"
EndProject
Project("{FAE04EC0-301F-11D3-BF4B-00C04F79EFBC}") = "Task_5", "Task_5\Task_5.csproj", "{DE3EFC2C-CFBF-41FA-A30F-744F0996D7F6}"
EndProject
Project("{FAE04EC0-301F-11D3-BF4B-00C04F79EFBC}") = "Task_6", "Task_6\Task_6.csproj", "{65608AF8-B2E9-4E72-9E9A-295455416D75}"
EndProject
Project("{FAE04EC0-301F-11D3-BF4B-00C04F79EFBC}") = "Task_7", "Task_7\Task_7.csproj", "{61CC8B8C-AB18-4BDA-B8E4-E4BCC7635EB7}"
EndProject
Project("{FAE04EC0-301F-11D3-BF4B-00C04F79EFBC}") = "Task_8", "Task_8\Task_8.csproj", "{B701E7EF-D906-4501-8409-30F7469F7600}"
EndProject
Project("{FAE04EC0-301F-11D3-BF4B-00C04F79EFBC}") = "Task_9", "Task_9\Task_9.csproj", "{E28D56B8-826C-4128-B0FA-886AB4918227}"
EndProject
Project("{FAE04EC0-301F-11D3-BF4B-00C04F79EFBC}") = "Task_10", "Task_10\Task_10.csproj", "{DA084629-00F6-45AD-9F8A-43EF0C45218C}"
EndProject
Global
	GlobalSection(SolutionConfigurationPlatforms) = preSolution
		Debug|Any CPU = Debug|Any CPU
		Release|Any CPU = Release|Any CPU
	EndGlobalSection
	GlobalSection(ProjectConfigurationPlatforms) = postSolution
		{44AA31E3-FBAC-4815-A0C3-E0182D88EC8F}.Debug|Any CPU.ActiveCfg = Debug|Any CPU
		{44AA31E3-FBAC-4815-A0C3-E0182D88EC8F}.Debug|Any CPU.Build.0 = Debug|Any CPU
		{44AA31E3-FBAC-4815-A0C3-E0182D88EC8F}.Release|Any CPU.ActiveCfg = Release|Any CPU
		{44AA31E3-FBAC-4815-A0C3-E0182D88EC8F}.Release|Any CPU.Build.0 = Release|Any CPU
		{153342D2-872A-4083-8D68-106BF86FE6C9}.Debug|Any CPU.ActiveCfg = Debug|Any CPU
		{153342D2-872A-4083-8D68-106BF86FE6C9}.Debug|Any CPU.Build.0 = Debug|Any CPU
		{153342D2-872A-4083-8D68-106BF86FE6C9}.Release|Any CPU.ActiveCfg = Release|Any CPU
		{153342D2-872A-4083-8D68-106BF86FE6C9}.Release|Any CPU.Build.0 = Release|Any CPU
		{A73852B2-2087-43DA-9A94-7AAEA7A59CB2}.Debug|Any CPU.ActiveCfg = Debug|Any CPU
		{A73852B2-2087-43DA-9A94-7AAEA7A59CB2}.Debug|Any CPU.Build.0 = Debug|Any CPU
		{A73852B2-2087-43DA-9A94-7AAEA7A59CB2}.Release|Any CPU.ActiveCfg = Release|Any CPU
		{A73852B2-2087-43DA-9A94-7AAEA7A59CB2}.Release|Any CPU.Build.0 = Release|Any CPU
		{74C42DF0-9C14-4FE6-8C2C-F369D567CAE1}.Debug|Any CPU.ActiveCfg = Debug|Any CPU
		{74C42DF0-9C14-4FE6-8C2C-F369D567CAE1}.Debug|Any CPU.Build.0 = Debug|Any CPU
		{74C42DF0-9C14-4FE6-8C2C-F369D567CAE1}.Release|Any CPU.ActiveCfg = Release|Any CPU
		{74C42DF0-9C14-4FE6-8C2C-F369D567CAE1}.Release|Any CPU.Build.0 = Release|Any CPU
		{DE3EFC2C-CFBF-41FA-A30F-744F0996D7F6}.Debug|Any CPU.ActiveCfg = Debug|Any CPU
		{DE3EFC2C-CFBF-41FA-A30F-744F0996D7F6}.Debug|Any CPU.Build.0 = Debug|Any CPU
		{DE3EFC2C-CFBF-41FA-A30F-744F0996D7F6}.Release|Any CPU.ActiveCfg = Release|Any CPU
		{DE3EFC2C-CFBF-41FA-A30F-744F0996D7F6}.Release|Any CPU.Build.0 = Release|Any CPU
		{65608AF8-B2E9-4E72-9E9A-295455416D75}.Debug|Any CPU.ActiveCfg = Debug|Any CPU
		{65608AF8-B2E9-4E72-9E9A-295455416D75}.Debug|Any CPU.Build.0 = Debug|Any CPU
		{65608AF8-B2E9-4E72-9E9A-295455416D75}.Release|Any CPU.ActiveCfg = Release|Any CPU
		{65608AF8-B2E9-4E72-9E9A-295455416D75}.Release|Any CPU.Build.0 = Release|Any CPU
		{61CC8B8C-AB18-4BDA-B8E4-E4BCC7635EB7}.Debug|Any CPU.ActiveCfg = Debug|Any CPU
		{61CC8B8C-AB18-4BDA-B8E4-E4BCC7635EB7}.Debug|Any CPU.Build.0 = Debug|Any CPU
		{61CC8B8C-AB18-4BDA-B8E4-E4BCC7635EB7}.Release|Any CPU.ActiveCfg = Release|Any CPU
		{61CC8B8C-AB18-4BDA-B8E4-E4BCC7635EB7}.Release|Any CPU.Build.0 = Release|Any CPU
		{B701E7EF-D906-4501-8409-30F7469F7600}.Debug|Any CPU.ActiveCfg = Debug|Any CPU
		{B701E7EF-D906-4501-8409-30F7469F7600}.Debug|Any CPU.Build.0 = Debug|Any CPU
		{B701E7EF-D906-4501-8409-30F7469F7600}.Release|Any CPU.ActiveCfg = Release|Any CPU
		{B701E7EF-D906-4501-8409-30F7469F7600}.Release|Any CPU.Build.0 = Release|Any CPU
		{E28D56B8-826C-4128-B0FA-886AB4918227}.Debug|Any CPU.ActiveCfg = Debug|Any CPU
		{E28D56B8-826C-4128-B0FA-886AB4918227}.Debug|Any CPU.Build.0 = Debug|Any CPU
		{E28D56B8-826C-4128-B0FA-886AB4918227}.Release|Any CPU.ActiveCfg = Release|Any CPU
		{E28D56B8-826C-4128-B0FA-886AB4918227}.Release|Any CPU.Build.0 = Release|Any CPU
		{DA084629-00F6-45AD-9F8A-43EF0C45218C}.Debug|Any CPU.ActiveCfg = Debug|Any CPU
		{DA084629-00F6-45AD-9F8A-43EF0C45218C}.Debug|Any CPU.Build.0 = Debug|Any CPU
		{DA084629-00F6-45AD-9F8A-43EF0C45218C}.Release|Any CPU.ActiveCfg = Release|Any CPU
		{DA084629-00F6-45AD-9F8A-43EF0C45218C}.Release|Any CPU.Build.0 = Release|Any CPU
	EndGlobalSection
	GlobalSection(SolutionProperties) = preSolution
		HideSolutionNode = FALSE
	EndGlobalSection
	GlobalSection(ExtensibilityGlobals) = postSolution
		SolutionGuid = {6809E943-BA2C-43AE-9924-65102C06F862}
	EndGlobalSection
EndGlobal
