
Microsoft Visual Studio Solution File, Format Version 12.00
# Visual Studio Version 16
VisualStudioVersion = 16.0.31005.135
MinimumVisualStudioVersion = 10.0.40219.1
Project("{FAE04EC0-301F-11D3-BF4B-00C04F79EFBC}") = "Task_1", "Task_1\Task_1.csproj", "{FF369FFC-357D-46B2-BDD0-DCCC0150707C}"
EndProject
Project("{FAE04EC0-301F-11D3-BF4B-00C04F79EFBC}") = "Task_2", "Task_2\Task_2.csproj", "{9F6858F0-C6C2-452A-A80B-950861D2EFB6}"
EndProject
Project("{FAE04EC0-301F-11D3-BF4B-00C04F79EFBC}") = "Task_3", "Task_3\Task_3.csproj", "{19B4F125-1064-4E01-879D-B59EE29A280B}"
EndProject
Global
	GlobalSection(SolutionConfigurationPlatforms) = preSolution
		Debug|Any CPU = Debug|Any CPU
		Release|Any CPU = Release|Any CPU
	EndGlobalSection
	GlobalSection(ProjectConfigurationPlatforms) = postSolution
		{FF369FFC-357D-46B2-BDD0-DCCC0150707C}.Debug|Any CPU.ActiveCfg = Debug|Any CPU
		{FF369FFC-357D-46B2-BDD0-DCCC0150707C}.Debug|Any CPU.Build.0 = Debug|Any CPU
		{FF369FFC-357D-46B2-BDD0-DCCC0150707C}.Release|Any CPU.ActiveCfg = Release|Any CPU
		{FF369FFC-357D-46B2-BDD0-DCCC0150707C}.Release|Any CPU.Build.0 = Release|Any CPU
		{9F6858F0-C6C2-452A-A80B-950861D2EFB6}.Debug|Any CPU.ActiveCfg = Debug|Any CPU
		{9F6858F0-C6C2-452A-A80B-950861D2EFB6}.Debug|Any CPU.Build.0 = Debug|Any CPU
		{9F6858F0-C6C2-452A-A80B-950861D2EFB6}.Release|Any CPU.ActiveCfg = Release|Any CPU
		{9F6858F0-C6C2-452A-A80B-950861D2EFB6}.Release|Any CPU.Build.0 = Release|Any CPU
		{19B4F125-1064-4E01-879D-B59EE29A280B}.Debug|Any CPU.ActiveCfg = Debug|Any CPU
		{19B4F125-1064-4E01-879D-B59EE29A280B}.Debug|Any CPU.Build.0 = Debug|Any CPU
		{19B4F125-1064-4E01-879D-B59EE29A280B}.Release|Any CPU.ActiveCfg = Release|Any CPU
		{19B4F125-1064-4E01-879D-B59EE29A280B}.Release|Any CPU.Build.0 = Release|Any CPU
	EndGlobalSection
	GlobalSection(SolutionProperties) = preSolution
		HideSolutionNode = FALSE
	EndGlobalSection
	GlobalSection(ExtensibilityGlobals) = postSolution
		SolutionGuid = {A34FFE11-08E2-4C26-82E5-EA7889DC312D}
	EndGlobalSection
EndGlobal
