
Microsoft Visual Studio Solution File, Format Version 12.00
# Visual Studio Version 16
VisualStudioVersion = 16.0.31005.135
MinimumVisualStudioVersion = 10.0.40219.1
Project("{FAE04EC0-301F-11D3-BF4B-00C04F79EFBC}") = "TemperstureConverterLibrary", "TemperstureConverterLibrary\TemperstureConverterLibrary.csproj", "{DCFFBE33-1C31-45AB-AC83-678E208B09FB}"
EndProject
Project("{FAE04EC0-301F-11D3-BF4B-00C04F79EFBC}") = "Task_2", "Task_2\Task_2.csproj", "{27CC92F4-EA46-4198-B1BC-860AC12A15E6}"
EndProject
Project("{FAE04EC0-301F-11D3-BF4B-00C04F79EFBC}") = "Task_3", "Task_3\Task_3.csproj", "{F48BF009-4B67-4FB9-85CD-85A33DC967B4}"
EndProject
Global
	GlobalSection(SolutionConfigurationPlatforms) = preSolution
		Debug|Any CPU = Debug|Any CPU
		Release|Any CPU = Release|Any CPU
	EndGlobalSection
	GlobalSection(ProjectConfigurationPlatforms) = postSolution
		{DCFFBE33-1C31-45AB-AC83-678E208B09FB}.Debug|Any CPU.ActiveCfg = Debug|Any CPU
		{DCFFBE33-1C31-45AB-AC83-678E208B09FB}.Debug|Any CPU.Build.0 = Debug|Any CPU
		{DCFFBE33-1C31-45AB-AC83-678E208B09FB}.Release|Any CPU.ActiveCfg = Release|Any CPU
		{DCFFBE33-1C31-45AB-AC83-678E208B09FB}.Release|Any CPU.Build.0 = Release|Any CPU
		{27CC92F4-EA46-4198-B1BC-860AC12A15E6}.Debug|Any CPU.ActiveCfg = Debug|Any CPU
		{27CC92F4-EA46-4198-B1BC-860AC12A15E6}.Debug|Any CPU.Build.0 = Debug|Any CPU
		{27CC92F4-EA46-4198-B1BC-860AC12A15E6}.Release|Any CPU.ActiveCfg = Release|Any CPU
		{27CC92F4-EA46-4198-B1BC-860AC12A15E6}.Release|Any CPU.Build.0 = Release|Any CPU
		{F48BF009-4B67-4FB9-85CD-85A33DC967B4}.Debug|Any CPU.ActiveCfg = Debug|Any CPU
		{F48BF009-4B67-4FB9-85CD-85A33DC967B4}.Debug|Any CPU.Build.0 = Debug|Any CPU
		{F48BF009-4B67-4FB9-85CD-85A33DC967B4}.Release|Any CPU.ActiveCfg = Release|Any CPU
		{F48BF009-4B67-4FB9-85CD-85A33DC967B4}.Release|Any CPU.Build.0 = Release|Any CPU
	EndGlobalSection
	GlobalSection(SolutionProperties) = preSolution
		HideSolutionNode = FALSE
	EndGlobalSection
	GlobalSection(ExtensibilityGlobals) = postSolution
		SolutionGuid = {7530BA82-C3C5-4CBB-8ED5-82619D19C944}
	EndGlobalSection
EndGlobal
