
Microsoft Visual Studio Solution File, Format Version 12.00
# Visual Studio Version 16
VisualStudioVersion = 16.0.31005.135
MinimumVisualStudioVersion = 10.0.40219.1
Project("{FAE04EC0-301F-11D3-BF4B-00C04F79EFBC}") = "Task_1", "Task_1\Task_1.csproj", "{2BF65F24-D203-40AB-AD1A-0D8ADDBEEBD3}"
EndProject
Project("{FAE04EC0-301F-11D3-BF4B-00C04F79EFBC}") = "Task_2", "Task_2\Task_2.csproj", "{1A815A42-3754-469D-B72D-B975CC6D5F02}"
EndProject
Project("{FAE04EC0-301F-11D3-BF4B-00C04F79EFBC}") = "Task_3", "Task_3\Task_3.csproj", "{9DAEF667-611C-4344-A460-60016781A3A7}"
EndProject
Project("{FAE04EC0-301F-11D3-BF4B-00C04F79EFBC}") = "Task_4", "Task_4\Task_4.csproj", "{8669404A-0EEE-47C9-998B-4FDD2206C38F}"
EndProject
Project("{FAE04EC0-301F-11D3-BF4B-00C04F79EFBC}") = "Task_5", "Task_5\Task_5.csproj", "{16C2E615-7337-460A-B369-6DA4C42E7738}"
EndProject
Global
	GlobalSection(SolutionConfigurationPlatforms) = preSolution
		Debug|Any CPU = Debug|Any CPU
		Release|Any CPU = Release|Any CPU
	EndGlobalSection
	GlobalSection(ProjectConfigurationPlatforms) = postSolution
		{2BF65F24-D203-40AB-AD1A-0D8ADDBEEBD3}.Debug|Any CPU.ActiveCfg = Debug|Any CPU
		{2BF65F24-D203-40AB-AD1A-0D8ADDBEEBD3}.Debug|Any CPU.Build.0 = Debug|Any CPU
		{2BF65F24-D203-40AB-AD1A-0D8ADDBEEBD3}.Release|Any CPU.ActiveCfg = Release|Any CPU
		{2BF65F24-D203-40AB-AD1A-0D8ADDBEEBD3}.Release|Any CPU.Build.0 = Release|Any CPU
		{1A815A42-3754-469D-B72D-B975CC6D5F02}.Debug|Any CPU.ActiveCfg = Debug|Any CPU
		{1A815A42-3754-469D-B72D-B975CC6D5F02}.Debug|Any CPU.Build.0 = Debug|Any CPU
		{1A815A42-3754-469D-B72D-B975CC6D5F02}.Release|Any CPU.ActiveCfg = Release|Any CPU
		{1A815A42-3754-469D-B72D-B975CC6D5F02}.Release|Any CPU.Build.0 = Release|Any CPU
		{9DAEF667-611C-4344-A460-60016781A3A7}.Debug|Any CPU.ActiveCfg = Debug|Any CPU
		{9DAEF667-611C-4344-A460-60016781A3A7}.Debug|Any CPU.Build.0 = Debug|Any CPU
		{9DAEF667-611C-4344-A460-60016781A3A7}.Release|Any CPU.ActiveCfg = Release|Any CPU
		{9DAEF667-611C-4344-A460-60016781A3A7}.Release|Any CPU.Build.0 = Release|Any CPU
		{8669404A-0EEE-47C9-998B-4FDD2206C38F}.Debug|Any CPU.ActiveCfg = Debug|Any CPU
		{8669404A-0EEE-47C9-998B-4FDD2206C38F}.Debug|Any CPU.Build.0 = Debug|Any CPU
		{8669404A-0EEE-47C9-998B-4FDD2206C38F}.Release|Any CPU.ActiveCfg = Release|Any CPU
		{8669404A-0EEE-47C9-998B-4FDD2206C38F}.Release|Any CPU.Build.0 = Release|Any CPU
		{16C2E615-7337-460A-B369-6DA4C42E7738}.Debug|Any CPU.ActiveCfg = Debug|Any CPU
		{16C2E615-7337-460A-B369-6DA4C42E7738}.Debug|Any CPU.Build.0 = Debug|Any CPU
		{16C2E615-7337-460A-B369-6DA4C42E7738}.Release|Any CPU.ActiveCfg = Release|Any CPU
		{16C2E615-7337-460A-B369-6DA4C42E7738}.Release|Any CPU.Build.0 = Release|Any CPU
	EndGlobalSection
	GlobalSection(SolutionProperties) = preSolution
		HideSolutionNode = FALSE
	EndGlobalSection
	GlobalSection(ExtensibilityGlobals) = postSolution
		SolutionGuid = {E3747502-458F-4647-83F2-EB6B189D126C}
	EndGlobalSection
EndGlobal
