
Microsoft Visual Studio Solution File, Format Version 12.00
# Visual Studio Version 16
VisualStudioVersion = 16.0.31005.135
MinimumVisualStudioVersion = 10.0.40219.1
Project("{FAE04EC0-301F-11D3-BF4B-00C04F79EFBC}") = "Task_1", "Task_1\Task_1.csproj", "{CA8A6898-157E-423D-AA0E-C2924F2F4D0F}"
EndProject
Project("{FAE04EC0-301F-11D3-BF4B-00C04F79EFBC}") = "Task_2", "Task_2\Task_2.csproj", "{433CE1ED-BA46-4F4F-BBCF-2D48551FB9D6}"
EndProject
Project("{FAE04EC0-301F-11D3-BF4B-00C04F79EFBC}") = "Task_3", "Task_3\Task_3.csproj", "{254FA445-9BB6-4B78-A0DA-31A330D0450B}"
EndProject
Global
	GlobalSection(SolutionConfigurationPlatforms) = preSolution
		Debug|Any CPU = Debug|Any CPU
		Release|Any CPU = Release|Any CPU
	EndGlobalSection
	GlobalSection(ProjectConfigurationPlatforms) = postSolution
		{CA8A6898-157E-423D-AA0E-C2924F2F4D0F}.Debug|Any CPU.ActiveCfg = Debug|Any CPU
		{CA8A6898-157E-423D-AA0E-C2924F2F4D0F}.Debug|Any CPU.Build.0 = Debug|Any CPU
		{CA8A6898-157E-423D-AA0E-C2924F2F4D0F}.Release|Any CPU.ActiveCfg = Release|Any CPU
		{CA8A6898-157E-423D-AA0E-C2924F2F4D0F}.Release|Any CPU.Build.0 = Release|Any CPU
		{433CE1ED-BA46-4F4F-BBCF-2D48551FB9D6}.Debug|Any CPU.ActiveCfg = Debug|Any CPU
		{433CE1ED-BA46-4F4F-BBCF-2D48551FB9D6}.Debug|Any CPU.Build.0 = Debug|Any CPU
		{433CE1ED-BA46-4F4F-BBCF-2D48551FB9D6}.Release|Any CPU.ActiveCfg = Release|Any CPU
		{433CE1ED-BA46-4F4F-BBCF-2D48551FB9D6}.Release|Any CPU.Build.0 = Release|Any CPU
		{254FA445-9BB6-4B78-A0DA-31A330D0450B}.Debug|Any CPU.ActiveCfg = Debug|Any CPU
		{254FA445-9BB6-4B78-A0DA-31A330D0450B}.Debug|Any CPU.Build.0 = Debug|Any CPU
		{254FA445-9BB6-4B78-A0DA-31A330D0450B}.Release|Any CPU.ActiveCfg = Release|Any CPU
		{254FA445-9BB6-4B78-A0DA-31A330D0450B}.Release|Any CPU.Build.0 = Release|Any CPU
	EndGlobalSection
	GlobalSection(SolutionProperties) = preSolution
		HideSolutionNode = FALSE
	EndGlobalSection
	GlobalSection(ExtensibilityGlobals) = postSolution
		SolutionGuid = {F57777E9-F042-4F2B-AA8C-C1911D99372B}
	EndGlobalSection
EndGlobal
