
Microsoft Visual Studio Solution File, Format Version 12.00
# Visual Studio Version 16
VisualStudioVersion = 16.0.31005.135
MinimumVisualStudioVersion = 10.0.40219.1
Project("{FAE04EC0-301F-11D3-BF4B-00C04F79EFBC}") = "Task_1", "Task_1\Task_1.csproj", "{C25D4CFF-2185-460B-B5C2-A5FB34236BE4}"
EndProject
Project("{FAE04EC0-301F-11D3-BF4B-00C04F79EFBC}") = "Task_2", "Task_2\Task_2.csproj", "{EED38406-3B18-4F07-AE1E-2A62ABCBE80E}"
EndProject
Project("{FAE04EC0-301F-11D3-BF4B-00C04F79EFBC}") = "Task_3", "Task_3\Task_3.csproj", "{3F2D25F2-67F0-4505-A9B0-4DC2C7AF0378}"
EndProject
Project("{FAE04EC0-301F-11D3-BF4B-00C04F79EFBC}") = "Task_4", "Task_4\Task_4.csproj", "{783691BF-5D59-4BFF-B23B-D1BB34567E5B}"
EndProject
Project("{FAE04EC0-301F-11D3-BF4B-00C04F79EFBC}") = "Task_5", "Task_5\Task_5.csproj", "{AFE055BB-924E-4F39-B82F-0F4EB0F90271}"
EndProject
Project("{FAE04EC0-301F-11D3-BF4B-00C04F79EFBC}") = "Task_6", "Task_6\Task_6.csproj", "{A04C56C4-855D-4F9D-A3FE-093FABCBCE92}"
EndProject
Global
	GlobalSection(SolutionConfigurationPlatforms) = preSolution
		Debug|Any CPU = Debug|Any CPU
		Release|Any CPU = Release|Any CPU
	EndGlobalSection
	GlobalSection(ProjectConfigurationPlatforms) = postSolution
		{C25D4CFF-2185-460B-B5C2-A5FB34236BE4}.Debug|Any CPU.ActiveCfg = Debug|Any CPU
		{C25D4CFF-2185-460B-B5C2-A5FB34236BE4}.Debug|Any CPU.Build.0 = Debug|Any CPU
		{C25D4CFF-2185-460B-B5C2-A5FB34236BE4}.Release|Any CPU.ActiveCfg = Release|Any CPU
		{C25D4CFF-2185-460B-B5C2-A5FB34236BE4}.Release|Any CPU.Build.0 = Release|Any CPU
		{EED38406-3B18-4F07-AE1E-2A62ABCBE80E}.Debug|Any CPU.ActiveCfg = Debug|Any CPU
		{EED38406-3B18-4F07-AE1E-2A62ABCBE80E}.Debug|Any CPU.Build.0 = Debug|Any CPU
		{EED38406-3B18-4F07-AE1E-2A62ABCBE80E}.Release|Any CPU.ActiveCfg = Release|Any CPU
		{EED38406-3B18-4F07-AE1E-2A62ABCBE80E}.Release|Any CPU.Build.0 = Release|Any CPU
		{3F2D25F2-67F0-4505-A9B0-4DC2C7AF0378}.Debug|Any CPU.ActiveCfg = Debug|Any CPU
		{3F2D25F2-67F0-4505-A9B0-4DC2C7AF0378}.Debug|Any CPU.Build.0 = Debug|Any CPU
		{3F2D25F2-67F0-4505-A9B0-4DC2C7AF0378}.Release|Any CPU.ActiveCfg = Release|Any CPU
		{3F2D25F2-67F0-4505-A9B0-4DC2C7AF0378}.Release|Any CPU.Build.0 = Release|Any CPU
		{783691BF-5D59-4BFF-B23B-D1BB34567E5B}.Debug|Any CPU.ActiveCfg = Debug|Any CPU
		{783691BF-5D59-4BFF-B23B-D1BB34567E5B}.Debug|Any CPU.Build.0 = Debug|Any CPU
		{783691BF-5D59-4BFF-B23B-D1BB34567E5B}.Release|Any CPU.ActiveCfg = Release|Any CPU
		{783691BF-5D59-4BFF-B23B-D1BB34567E5B}.Release|Any CPU.Build.0 = Release|Any CPU
		{AFE055BB-924E-4F39-B82F-0F4EB0F90271}.Debug|Any CPU.ActiveCfg = Debug|Any CPU
		{AFE055BB-924E-4F39-B82F-0F4EB0F90271}.Debug|Any CPU.Build.0 = Debug|Any CPU
		{AFE055BB-924E-4F39-B82F-0F4EB0F90271}.Release|Any CPU.ActiveCfg = Release|Any CPU
		{AFE055BB-924E-4F39-B82F-0F4EB0F90271}.Release|Any CPU.Build.0 = Release|Any CPU
		{A04C56C4-855D-4F9D-A3FE-093FABCBCE92}.Debug|Any CPU.ActiveCfg = Debug|Any CPU
		{A04C56C4-855D-4F9D-A3FE-093FABCBCE92}.Debug|Any CPU.Build.0 = Debug|Any CPU
		{A04C56C4-855D-4F9D-A3FE-093FABCBCE92}.Release|Any CPU.ActiveCfg = Release|Any CPU
		{A04C56C4-855D-4F9D-A3FE-093FABCBCE92}.Release|Any CPU.Build.0 = Release|Any CPU
	EndGlobalSection
	GlobalSection(SolutionProperties) = preSolution
		HideSolutionNode = FALSE
	EndGlobalSection
	GlobalSection(ExtensibilityGlobals) = postSolution
		SolutionGuid = {CA01AB83-40E2-4C97-A956-6974D41CFE82}
	EndGlobalSection
EndGlobal
