
Microsoft Visual Studio Solution File, Format Version 12.00
# Visual Studio Version 16
VisualStudioVersion = 16.0.31005.135
MinimumVisualStudioVersion = 10.0.40219.1
Project("{FAE04EC0-301F-11D3-BF4B-00C04F79EFBC}") = "Task_1", "Task_1\Task_1.csproj", "{F4D2FB4C-F2CF-4604-BFC2-A30FE93D957A}"
EndProject
Project("{FAE04EC0-301F-11D3-BF4B-00C04F79EFBC}") = "Task_2", "Task_2\Task_2.csproj", "{ABAACCFE-E157-4621-A2F8-D3A531ECB6F3}"
EndProject
Project("{FAE04EC0-301F-11D3-BF4B-00C04F79EFBC}") = "Task_3", "Task_3\Task_3.csproj", "{5CD20E86-6507-425B-A6DF-3233F7848A27}"
EndProject
Project("{FAE04EC0-301F-11D3-BF4B-00C04F79EFBC}") = "Task_4", "Task_4\Task_4.csproj", "{DECEB0B8-DEF9-42FE-8EE6-5A96434B3473}"
EndProject
Project("{FAE04EC0-301F-11D3-BF4B-00C04F79EFBC}") = "Task_5", "Task_5\Task_5.csproj", "{B965CFF1-F0D6-49A1-A644-63474FFBBFBE}"
EndProject
Global
	GlobalSection(SolutionConfigurationPlatforms) = preSolution
		Debug|Any CPU = Debug|Any CPU
		Release|Any CPU = Release|Any CPU
	EndGlobalSection
	GlobalSection(ProjectConfigurationPlatforms) = postSolution
		{F4D2FB4C-F2CF-4604-BFC2-A30FE93D957A}.Debug|Any CPU.ActiveCfg = Debug|Any CPU
		{F4D2FB4C-F2CF-4604-BFC2-A30FE93D957A}.Debug|Any CPU.Build.0 = Debug|Any CPU
		{F4D2FB4C-F2CF-4604-BFC2-A30FE93D957A}.Release|Any CPU.ActiveCfg = Release|Any CPU
		{F4D2FB4C-F2CF-4604-BFC2-A30FE93D957A}.Release|Any CPU.Build.0 = Release|Any CPU
		{ABAACCFE-E157-4621-A2F8-D3A531ECB6F3}.Debug|Any CPU.ActiveCfg = Debug|Any CPU
		{ABAACCFE-E157-4621-A2F8-D3A531ECB6F3}.Debug|Any CPU.Build.0 = Debug|Any CPU
		{ABAACCFE-E157-4621-A2F8-D3A531ECB6F3}.Release|Any CPU.ActiveCfg = Release|Any CPU
		{ABAACCFE-E157-4621-A2F8-D3A531ECB6F3}.Release|Any CPU.Build.0 = Release|Any CPU
		{5CD20E86-6507-425B-A6DF-3233F7848A27}.Debug|Any CPU.ActiveCfg = Debug|Any CPU
		{5CD20E86-6507-425B-A6DF-3233F7848A27}.Debug|Any CPU.Build.0 = Debug|Any CPU
		{5CD20E86-6507-425B-A6DF-3233F7848A27}.Release|Any CPU.ActiveCfg = Release|Any CPU
		{5CD20E86-6507-425B-A6DF-3233F7848A27}.Release|Any CPU.Build.0 = Release|Any CPU
		{DECEB0B8-DEF9-42FE-8EE6-5A96434B3473}.Debug|Any CPU.ActiveCfg = Debug|Any CPU
		{DECEB0B8-DEF9-42FE-8EE6-5A96434B3473}.Debug|Any CPU.Build.0 = Debug|Any CPU
		{DECEB0B8-DEF9-42FE-8EE6-5A96434B3473}.Release|Any CPU.ActiveCfg = Release|Any CPU
		{DECEB0B8-DEF9-42FE-8EE6-5A96434B3473}.Release|Any CPU.Build.0 = Release|Any CPU
		{B965CFF1-F0D6-49A1-A644-63474FFBBFBE}.Debug|Any CPU.ActiveCfg = Debug|Any CPU
		{B965CFF1-F0D6-49A1-A644-63474FFBBFBE}.Debug|Any CPU.Build.0 = Debug|Any CPU
		{B965CFF1-F0D6-49A1-A644-63474FFBBFBE}.Release|Any CPU.ActiveCfg = Release|Any CPU
		{B965CFF1-F0D6-49A1-A644-63474FFBBFBE}.Release|Any CPU.Build.0 = Release|Any CPU
	EndGlobalSection
	GlobalSection(SolutionProperties) = preSolution
		HideSolutionNode = FALSE
	EndGlobalSection
	GlobalSection(ExtensibilityGlobals) = postSolution
		SolutionGuid = {FB0E496F-1393-4DFE-92C1-96D2B0722743}
	EndGlobalSection
EndGlobal
